{
  "name": "my-daurandal-app",
  "version": "1.0.0",
  "lockfileVersion": 3,
  "requires": true,
  "packages": {
    "": {
      "name": "my-daurandal-app",
      "version": "1.0.0",
      "license": "ISC",
      "dependencies": {
        "bootstrap": "^5.3.3",
        "durandal": "^2.2.0",
        "jquery": "^3.7.1",
        "knockout": "^3.5.1",
        "requirejs": "^2.3.7"
      }
    },
    "node_modules/bootstrap": {
      "version": "5.3.3",
      "resolved": "https://registry.npmjs.org/bootstrap/-/bootstrap-5.3.3.tgz",
      "integrity": "sha512-8HLCdWgyoMguSO9o+aH+iuZ+aht+mzW0u3HIMzVu7Srrpv7EBBxTnrFlSCskwdY1+EOFQSm7uMJhNQHkdPcmjg==",
      "funding": [
        {
          "type": "github",
          "url": "https://github.com/sponsors/twbs"
        },
        {
          "type": "opencollective",
          "url": "https://opencollective.com/bootstrap"
        }
      ],
      "peerDependencies": {
        "@popperjs/core": "^2.11.8"
      }
    },
    "node_modules/durandal": {
      "version": "2.2.0",
      "resolved": "https://registry.npmjs.org/durandal/-/durandal-2.2.0.tgz",
      "integrity": "sha512-ccQz/vxqlDgzuDfhLsvFcXF4pq8yCJRBMva5c0wzp/QRZEF/jqkmY3/vZ7aKWbb2eLoecdglJCuo/pmjf7ci7Q==",
      "dependencies": {
        "jquery": "^1.9.1",
        "knockout": "^3.4.0",
        "requirejs": "^2.1.11",
        "requirejs-text": "^2.0.12"
      }
    },
    "node_modules/durandal/node_modules/jquery": {
      "version": "1.12.4",
      "resolved": "https://registry.npmjs.org/jquery/-/jquery-1.12.4.tgz",
      "integrity": "sha512-UEVp7PPK9xXYSk8xqXCJrkXnKZtlgWkd2GsAQbMRFK6S/ePU2JN5G2Zum8hIVjzR3CpdfSqdqAzId/xd4TJHeg=="
    },
    "node_modules/jquery": {
      "version": "3.7.1",
      "resolved": "https://registry.npmjs.org/jquery/-/jquery-3.7.1.tgz",
      "integrity": "sha512-m4avr8yL8kmFN8psrbFFFmB/If14iN5o9nw/NgnnM+kybDJpRsAynV2BsfpTYrTRysYUdADVD7CkUUizgkpLfg=="
    },
    "node_modules/knockout": {
      "version": "3.5.1",
      "resolved": "https://registry.npmjs.org/knockout/-/knockout-3.5.1.tgz",
      "integrity": "sha512-wRJ9I4az0QcsH7A4v4l0enUpkS++MBx0BnL/68KaLzJg7x1qmbjSlwEoCNol7KTYZ+pmtI7Eh2J0Nu6/2Z5J/Q=="
    },
    "node_modules/requirejs": {
      "version": "2.3.7",
      "resolved": "https://registry.npmjs.org/requirejs/-/requirejs-2.3.7.tgz",
      "integrity": "sha512-DouTG8T1WanGok6Qjg2SXuCMzszOo0eHeH9hDZ5Y4x8Je+9JB38HdTLT4/VA8OaUhBa0JPVHJ0pyBkM1z+pDsw==",
      "bin": {
        "r_js": "bin/r.js",
        "r.js": "bin/r.js"
      },
      "engines": {
        "node": ">=0.4.0"
      }
    },
    "node_modules/requirejs-text": {
      "version": "2.0.16",
      "resolved": "https://registry.npmjs.org/requirejs-text/-/requirejs-text-2.0.16.tgz",
      "integrity": "sha512-XrzjeTb1pwzIWmkz8qnUiM20gENgiwB+66IciNuziwlaPAJsYQsQPSYyQ1kD4tGKGZxTisIfDbOHk02DpI/76Q=="
    }
  }
}
